
Microsoft Visual Studio Solution File, Format Version 12.00
# Visual Studio 15
VisualStudioVersion = 15.0.28010.2026
MinimumVisualStudioVersion = 10.0.40219.1
Project("{FAE04EC0-301F-11D3-BF4B-00C04F79EFBC}") = "ConsoleCoreSender", "ConsoleCoreSender\ConsoleCoreSender.csproj", "{18871275-669C-4D77-86BD-CBDEB9A5ABD9}"
EndProject
Project("{FAE04EC0-301F-11D3-BF4B-00C04F79EFBC}") = "ConsoleCoreReceiver", "ConsoleCoreReceiver\ConsoleCoreReceiver.csproj", "{EA81DD82-2355-4398-9DF4-FD07C0BAEE0C}"
EndProject
Global
	GlobalSection(SolutionConfigurationPlatforms) = preSolution
		Debug|Any CPU = Debug|Any CPU
		Release|Any CPU = Release|Any CPU
	EndGlobalSection
	GlobalSection(ProjectConfigurationPlatforms) = postSolution
		{18871275-669C-4D77-86BD-CBDEB9A5ABD9}.Debug|Any CPU.ActiveCfg = Debug|Any CPU
		{18871275-669C-4D77-86BD-CBDEB9A5ABD9}.Debug|Any CPU.Build.0 = Debug|Any CPU
		{18871275-669C-4D77-86BD-CBDEB9A5ABD9}.Release|Any CPU.ActiveCfg = Release|Any CPU
		{18871275-669C-4D77-86BD-CBDEB9A5ABD9}.Release|Any CPU.Build.0 = Release|Any CPU
		{EA81DD82-2355-4398-9DF4-FD07C0BAEE0C}.Debug|Any CPU.ActiveCfg = Debug|Any CPU
		{EA81DD82-2355-4398-9DF4-FD07C0BAEE0C}.Debug|Any CPU.Build.0 = Debug|Any CPU
		{EA81DD82-2355-4398-9DF4-FD07C0BAEE0C}.Release|Any CPU.ActiveCfg = Release|Any CPU
		{EA81DD82-2355-4398-9DF4-FD07C0BAEE0C}.Release|Any CPU.Build.0 = Release|Any CPU
	EndGlobalSection
	GlobalSection(SolutionProperties) = preSolution
		HideSolutionNode = FALSE
	EndGlobalSection
	GlobalSection(ExtensibilityGlobals) = postSolution
		SolutionGuid = {1652CECE-9BDC-4567-9A46-E80CBDBF7CE5}
	EndGlobalSection
EndGlobal
